
Microsoft Visual Studio Solution File, Format Version 12.00
# Visual Studio Version 17
VisualStudioVersion = 17.14.37012.4 d17.14
MinimumVisualStudioVersion = 10.0.40219.1
Project("{FAE04EC0-301F-11D3-BF4B-00C04F79EFBC}") = "ProcessManagment", "ProcessManagment\ProcessManagment.csproj", "{E38B1BBB-E082-493D-A64F-9A1DCA41621D}"
EndProject
Global
	GlobalSection(SolutionConfigurationPlatforms) = preSolution
		Debug|Any CPU = Debug|Any CPU
		Release|Any CPU = Release|Any CPU
	EndGlobalSection
	GlobalSection(ProjectConfigurationPlatforms) = postSolution
		{E38B1BBB-E082-493D-A64F-9A1DCA41621D}.Debug|Any CPU.ActiveCfg = Debug|Any CPU
		{E38B1BBB-E082-493D-A64F-9A1DCA41621D}.Debug|Any CPU.Build.0 = Debug|Any CPU
		{E38B1BBB-E082-493D-A64F-9A1DCA41621D}.Release|Any CPU.ActiveCfg = Release|Any CPU
		{E38B1BBB-E082-493D-A64F-9A1DCA41621D}.Release|Any CPU.Build.0 = Release|Any CPU
	EndGlobalSection
	GlobalSection(SolutionProperties) = preSolution
		HideSolutionNode = FALSE
	EndGlobalSection
	GlobalSection(ExtensibilityGlobals) = postSolution
		SolutionGuid = {FA98984F-3C4E-40C0-8B66-D445DA088BEF}
	EndGlobalSection
EndGlobal
